// !$*UTF8*$!
{
	archiveVersion = 1;
	classes = {
	};
	objectVersion = 50;
	objects = {

/* Begin PBXBuildFile section */
		1BEEFFB82678F6180065DD55 /* AppDelegate.swift in Sources */ = {isa = PBXBuildFile; fileRef = 1BEEFFB72678F6180065DD55 /* AppDelegate.swift */; };
		1BEEFFBA2678F6180065DD55 /* SceneDelegate.swift in Sources */ = {isa = PBXBuildFile; fileRef = 1BEEFFB92678F6180065DD55 /* SceneDelegate.swift */; };
		1BEEFFBC2678F6180065DD55 /* ViewController.swift in Sources */ = {isa = PBXBuildFile; fileRef = 1BEEFFBB2678F6180065DD55 /* ViewController.swift */; };
		1BEEFFBF2678F6180065DD55 /* Main.storyboard in Resources */ = {isa = PBXBuildFile; fileRef = 1BEEFFBD2678F6180065DD55 /* Main.storyboard */; };
		1BEEFFC22678F6180065DD55 /* FlightDocsInventory.xcdatamodeld in Sources */ = {isa = PBXBuildFile; fileRef = 1BEEFFC02678F6180065DD55 /* FlightDocsInventory.xcdatamodeld */; };
		1BEEFFC42678F61C0065DD55 /* Assets.xcassets in Resources */ = {isa = PBXBuildFile; fileRef = 1BEEFFC32678F61C0065DD55 /* Assets.xcassets */; };
		1BEEFFC72678F61C0065DD55 /* LaunchScreen.storyboard in Resources */ = {isa = PBXBuildFile; fileRef = 1BEEFFC52678F61C0065DD55 /* LaunchScreen.storyboard */; };
		1BEEFFD22678F61C0065DD55 /* FlightDocsInventoryTests.swift in Sources */ = {isa = PBXBuildFile; fileRef = 1BEEFFD12678F61C0065DD55 /* FlightDocsInventoryTests.swift */; };
		1BEEFFDD2678F61C0065DD55 /* FlightDocsInventoryUITests.swift in Sources */ = {isa = PBXBuildFile; fileRef = 1BEEFFDC2678F61C0065DD55 /* FlightDocsInventoryUITests.swift */; };
/* End PBXBuildFile section */

/* Begin PBXContainerItemProxy section */
		1BEEFFCE2678F61C0065DD55 /* PBXContainerItemProxy */ = {
			isa = PBXContainerItemProxy;
			containerPortal = 1BEEFFAC2678F6180065DD55 /* Project object */;
			proxyType = 1;
			remoteGlobalIDString = 1BEEFFB32678F6180065DD55;
			remoteInfo = FlightDocsInventory;
		};
		1BEEFFD92678F61C0065DD55 /* PBXContainerItemProxy */ = {
			isa = PBXContainerItemProxy;
			containerPortal = 1BEEFFAC2678F6180065DD55 /* Project object */;
			proxyType = 1;
			remoteGlobalIDString = 1BEEFFB32678F6180065DD55;
			remoteInfo = FlightDocsInventory;
		};
/* End PBXContainerItemProxy section */

/* Begin PBXFileReference section */
		1BEEFFB42678F6180065DD55 /* FlightDocsInventory.app */ = {isa = PBXFileReference; explicitFileType = wrapper.application; includeInIndex = 0; path = FlightDocsInventory.app; sourceTree = BUILT_PRODUCTS_DIR; };
		1BEEFFB72678F6180065DD55 /* AppDelegate.swift */ = {isa = PBXFileReference; lastKnownFileType = sourcecode.swift; path = AppDelegate.swift; sourceTree = "<group>"; };
		1BEEFFB92678F6180065DD55 /* SceneDelegate.swift */ = {isa = PBXFileReference; lastKnownFileType = sourcecode.swift; path = SceneDelegate.swift; sourceTree = "<group>"; };
		1BEEFFBB2678F6180065DD55 /* ViewController.swift */ = {isa = PBXFileReference; lastKnownFileType = sourcecode.swift; path = ViewController.swift; sourceTree = "<group>"; };
		1BEEFFBE2678F6180065DD55 /* Base */ = {isa = PBXFileReference; lastKnownFileType = file.storyboard; name = Base; path = Base.lproj/Main.storyboard; sourceTree = "<group>"; };
		1BEEFFC12678F6180065DD55 /* FlightDocsInventory.xcdatamodel */ = {isa = PBXFileReference; lastKnownFileType = wrapper.xcdatamodel; path = FlightDocsInventory.xcdatamodel; sourceTree = "<group>"; };
		1BEEFFC32678F61C0065DD55 /* Assets.xcassets */ = {isa = PBXFileReference; lastKnownFileType = folder.assetcatalog; path = Assets.xcassets; sourceTree = "<group>"; };
		1BEEFFC62678F61C0065DD55 /* Base */ = {isa = PBXFileReference; lastKnownFileType = file.storyboard; name = Base; path = Base.lproj/LaunchScreen.storyboard; sourceTree = "<group>"; };
		1BEEFFC82678F61C0065DD55 /* Info.plist */ = {isa = PBXFileReference; lastKnownFileType = text.plist.xml; path = Info.plist; sourceTree = "<group>"; };
		1BEEFFCD2678F61C0065DD55 /* FlightDocsInventoryTests.xctest */ = {isa = PBXFileReference; explicitFileType = wrapper.cfbundle; includeInIndex = 0; path = FlightDocsInventoryTests.xctest; sourceTree = BUILT_PRODUCTS_DIR; };
		1BEEFFD12678F61C0065DD55 /* FlightDocsInventoryTests.swift */ = {isa = PBXFileReference; lastKnownFileType = sourcecode.swift; path = FlightDocsInventoryTests.swift; sourceTree = "<group>"; };
		1BEEFFD32678F61C0065DD55 /* Info.plist */ = {isa = PBXFileReference; lastKnownFileType = text.plist.xml; path = Info.plist; sourceTree = "<group>"; };
		1BEEFFD82678F61C0065DD55 /* FlightDocsInventoryUITests.xctest */ = {isa = PBXFileReference; explicitFileType = wrapper.cfbundle; includeInIndex = 0; path = FlightDocsInventoryUITests.xctest; sourceTree = BUILT_PRODUCTS_DIR; };
		1BEEFFDC2678F61C0065DD55 /* FlightDocsInventoryUITests.swift */ = {isa = PBXFileReference; lastKnownFileType = sourcecode.swift; path = FlightDocsInventoryUITests.swift; sourceTree = "<group>"; };
		1BEEFFDE2678F61C0065DD55 /* Info.plist */ = {isa = PBXFileReference; lastKnownFileType = text.plist.xml; path = Info.plist; sourceTree = "<group>"; };
/* End PBXFileReference section */

/* Begin PBXFrameworksBuildPhase section */
		1BEEFFB12678F6180065DD55 /* Frameworks */ = {
			isa = PBXFrameworksBuildPhase;
			buildActionMask = 2147483647;
			files = (
			);
			runOnlyForDeploymentPostprocessing = 0;
		};
		1BEEFFCA2678F61C0065DD55 /* Frameworks */ = {
			isa = PBXFrameworksBuildPhase;
			buildActionMask = 2147483647;
			files = (
			);
			runOnlyForDeploymentPostprocessing = 0;
		};
		1BEEFFD52678F61C0065DD55 /* Frameworks */ = {
			isa = PBXFrameworksBuildPhase;
			buildActionMask = 2147483647;
			files = (
			);
			runOnlyForDeploymentPostprocessing = 0;
		};
/* End PBXFrameworksBuildPhase section */

/* Begin PBXGroup section */
		1BEEFFAB2678F6180065DD55 = {
			isa = PBXGroup;
			children = (
				1BEEFFB62678F6180065DD55 /* FlightDocsInventory */,
				1BEEFFD02678F61C0065DD55 /* FlightDocsInventoryTests */,
				1BEEFFDB2678F61C0065DD55 /* FlightDocsInventoryUITests */,
				1BEEFFB52678F6180065DD55 /* Products */,
			);
			sourceTree = "<group>";
		};
		1BEEFFB52678F6180065DD55 /* Products */ = {
			isa = PBXGroup;
			children = (
				1BEEFFB42678F6180065DD55 /* FlightDocsInventory.app */,
				1BEEFFCD2678F61C0065DD55 /* FlightDocsInventoryTests.xctest */,
				1BEEFFD82678F61C0065DD55 /* FlightDocsInventoryUITests.xctest */,
			);
			name = Products;
			sourceTree = "<group>";
		};
		1BEEFFB62678F6180065DD55 /* FlightDocsInventory */ = {
			isa = PBXGroup;
			children = (
				1BEEFFB72678F6180065DD55 /* AppDelegate.swift */,
				1BEEFFB92678F6180065DD55 /* SceneDelegate.swift */,
				1BEEFFBB2678F6180065DD55 /* ViewController.swift */,
				1BEEFFBD2678F6180065DD55 /* Main.storyboard */,
				1BEEFFC32678F61C0065DD55 /* Assets.xcassets */,
				1BEEFFC52678F61C0065DD55 /* LaunchScreen.storyboard */,
				1BEEFFC82678F61C0065DD55 /* Info.plist */,
				1BEEFFC02678F6180065DD55 /* FlightDocsInventory.xcdatamodeld */,
			);
			path = FlightDocsInventory;
			sourceTree = "<group>";
		};
		1BEEFFD02678F61C0065DD55 /* FlightDocsInventoryTests */ = {
			isa = PBXGroup;
			children = (
				1BEEFFD12678F61C0065DD55 /* FlightDocsInventoryTests.swift */,
				1BEEFFD32678F61C0065DD55 /* Info.plist */,
			);
			path = FlightDocsInventoryTests;
			sourceTree = "<group>";
		};
		1BEEFFDB2678F61C0065DD55 /* FlightDocsInventoryUITests */ = {
			isa = PBXGroup;
			children = (
				1BEEFFDC2678F61C0065DD55 /* FlightDocsInventoryUITests.swift */,
				1BEEFFDE2678F61C0065DD55 /* Info.plist */,
			);
			path = FlightDocsInventoryUITests;
			sourceTree = "<group>";
		};
/* End PBXGroup section */

/* Begin PBXNativeTarget section */
		1BEEFFB32678F6180065DD55 /* FlightDocsInventory */ = {
			isa = PBXNativeTarget;
			buildConfigurationList = 1BEEFFE12678F61C0065DD55 /* Build configuration list for PBXNativeTarget "FlightDocsInventory" */;
			buildPhases = (
				1BEEFFB02678F6180065DD55 /* Sources */,
				1BEEFFB12678F6180065DD55 /* Frameworks */,
				1BEEFFB22678F6180065DD55 /* Resources */,
			);
			buildRules = (
			);
			dependencies = (
			);
			name = FlightDocsInventory;
			productName = FlightDocsInventory;
			productReference = 1BEEFFB42678F6180065DD55 /* FlightDocsInventory.app */;
			productType = "com.apple.product-type.application";
		};
		1BEEFFCC2678F61C0065DD55 /* FlightDocsInventoryTests */ = {
			isa = PBXNativeTarget;
			buildConfigurationList = 1BEEFFE42678F61C0065DD55 /* Build configuration list for PBXNativeTarget "FlightDocsInventoryTests" */;
			buildPhases = (
				1BEEFFC92678F61C0065DD55 /* Sources */,
				1BEEFFCA2678F61C0065DD55 /* Frameworks */,
				1BEEFFCB2678F61C0065DD55 /* Resources */,
			);
			buildRules = (
			);
			dependencies = (
				1BEEFFCF2678F61C0065DD55 /* PBXTargetDependency */,
			);
			name = FlightDocsInventoryTests;
			productName = FlightDocsInventoryTests;
			productReference = 1BEEFFCD2678F61C0065DD55 /* FlightDocsInventoryTests.xctest */;
			productType = "com.apple.product-type.bundle.unit-test";
		};
		1BEEFFD72678F61C0065DD55 /* FlightDocsInventoryUITests */ = {
			isa = PBXNativeTarget;
			buildConfigurationList = 1BEEFFE72678F61C0065DD55 /* Build configuration list for PBXNativeTarget "FlightDocsInventoryUITests" */;
			buildPhases = (
				1BEEFFD42678F61C0065DD55 /* Sources */,
				1BEEFFD52678F61C0065DD55 /* Frameworks */,
				1BEEFFD62678F61C0065DD55 /* Resources */,
			);
			buildRules = (
			);
			dependencies = (
				1BEEFFDA2678F61C0065DD55 /* PBXTargetDependency */,
			);
			name = FlightDocsInventoryUITests;
			productName = FlightDocsInventoryUITests;
			productReference = 1BEEFFD82678F61C0065DD55 /* FlightDocsInventoryUITests.xctest */;
			productType = "com.apple.product-type.bundle.ui-testing";
		};
/* End PBXNativeTarget section */

/* Begin PBXProject section */
		1BEEFFAC2678F6180065DD55 /* Project object */ = {
			isa = PBXProject;
			attributes = {
				LastSwiftUpdateCheck = 1250;
				LastUpgradeCheck = 1250;
				TargetAttributes = {
					1BEEFFB32678F6180065DD55 = {
						CreatedOnToolsVersion = 12.5;
					};
					1BEEFFCC2678F61C0065DD55 = {
						CreatedOnToolsVersion = 12.5;
						TestTargetID = 1BEEFFB32678F6180065DD55;
					};
					1BEEFFD72678F61C0065DD55 = {
						CreatedOnToolsVersion = 12.5;
						TestTargetID = 1BEEFFB32678F6180065DD55;
					};
				};
			};
			buildConfigurationList = 1BEEFFAF2678F6180065DD55 /* Build configuration list for PBXProject "FlightDocsInventory" */;
			compatibilityVersion = "Xcode 9.3";
			developmentRegion = en;
			hasScannedForEncodings = 0;
			knownRegions = (
				en,
				Base,
			);
			mainGroup = 1BEEFFAB2678F6180065DD55;
			productRefGroup = 1BEEFFB52678F6180065DD55 /* Products */;
			projectDirPath = "";
			projectRoot = "";
			targets = (
				1BEEFFB32678F6180065DD55 /* FlightDocsInventory */,
				1BEEFFCC2678F61C0065DD55 /* FlightDocsInventoryTests */,
				1BEEFFD72678F61C0065DD55 /* FlightDocsInventoryUITests */,
			);
		};
/* End PBXProject section */

/* Begin PBXResourcesBuildPhase section */
		1BEEFFB22678F6180065DD55 /* Resources */ = {
			isa = PBXResourcesBuildPhase;
			buildActionMask = 2147483647;
			files = (
				1BEEFFC72678F61C0065DD55 /* LaunchScreen.storyboard in Resources */,
				1BEEFFC42678F61C0065DD55 /* Assets.xcassets in Resources */,
				1BEEFFBF2678F6180065DD55 /* Main.storyboard in Resources */,
			);
			runOnlyForDeploymentPostprocessing = 0;
		};
		1BEEFFCB2678F61C0065DD55 /* Resources */ = {
			isa = PBXResourcesBuildPhase;
			buildActionMask = 2147483647;
			files = (
			);
			runOnlyForDeploymentPostprocessing = 0;
		};
		1BEEFFD62678F61C0065DD55 /* Resources */ = {
			isa = PBXResourcesBuildPhase;
			buildActionMask = 2147483647;
			files = (
			);
			runOnlyForDeploymentPostprocessing = 0;
		};
/* End PBXResourcesBuildPhase section */

/* Begin PBXSourcesBuildPhase section */
		1BEEFFB02678F6180065DD55 /* Sources */ = {
			isa = PBXSourcesBuildPhase;
			buildActionMask = 2147483647;
			files = (
				1BEEFFBC2678F6180065DD55 /* ViewController.swift in Sources */,
				1BEEFFB82678F6180065DD55 /* AppDelegate.swift in Sources */,
				1BEEFFC22678F6180065DD55 /* FlightDocsInventory.xcdatamodeld in Sources */,
				1BEEFFBA2678F6180065DD55 /* SceneDelegate.swift in Sources */,
			);
			runOnlyForDeploymentPostprocessing = 0;
		};
		1BEEFFC92678F61C0065DD55 /* Sources */ = {
			isa = PBXSourcesBuildPhase;
			buildActionMask = 2147483647;
			files = (
				1BEEFFD22678F61C0065DD55 /* FlightDocsInventoryTests.swift in Sources */,
			);
			runOnlyForDeploymentPostprocessing = 0;
		};
		1BEEFFD42678F61C0065DD55 /* Sources */ = {
			isa = PBXSourcesBuildPhase;
			buildActionMask = 2147483647;
			files = (
				1BEEFFDD2678F61C0065DD55 /* FlightDocsInventoryUITests.swift in Sources */,
			);
			runOnlyForDeploymentPostprocessing = 0;
		};
/* End PBXSourcesBuildPhase section */

/* Begin PBXTargetDependency section */
		1BEEFFCF2678F61C0065DD55 /* PBXTargetDependency */ = {
			isa = PBXTargetDependency;
			target = 1BEEFFB32678F6180065DD55 /* FlightDocsInventory */;
			targetProxy = 1BEEFFCE2678F61C0065DD55 /* PBXContainerItemProxy */;
		};
		1BEEFFDA2678F61C0065DD55 /* PBXTargetDependency */ = {
			isa = PBXTargetDependency;
			target = 1BEEFFB32678F6180065DD55 /* FlightDocsInventory */;
			targetProxy = 1BEEFFD92678F61C0065DD55 /* PBXContainerItemProxy */;
		};
/* End PBXTargetDependency section */

/* Begin PBXVariantGroup section */
		1BEEFFBD2678F6180065DD55 /* Main.storyboard */ = {
			isa = PBXVariantGroup;
			children = (
				1BEEFFBE2678F6180065DD55 /* Base */,
			);
			name = Main.storyboard;
			sourceTree = "<group>";
		};
		1BEEFFC52678F61C0065DD55 /* LaunchScreen.storyboard */ = {
			isa = PBXVariantGroup;
			children = (
				1BEEFFC62678F61C0065DD55 /* Base */,
			);
			name = LaunchScreen.storyboard;
			sourceTree = "<group>";
		};
/* End PBXVariantGroup section */

/* Begin XCBuildConfiguration section */
		1BEEFFDF2678F61C0065DD55 /* Debug */ = {
			isa = XCBuildConfiguration;
			buildSettings = {
				ALWAYS_SEARCH_USER_PATHS = NO;
				CLANG_ANALYZER_NONNULL = YES;
				CLANG_ANALYZER_NUMBER_OBJECT_CONVERSION = YES_AGGRESSIVE;
				CLANG_CXX_LANGUAGE_STANDARD = "gnu++14";
				CLANG_CXX_LIBRARY = "libc++";
				CLANG_ENABLE_MODULES = YES;
				CLANG_ENABLE_OBJC_ARC = YES;
				CLANG_ENABLE_OBJC_WEAK = YES;
				CLANG_WARN_BLOCK_CAPTURE_AUTORELEASING = YES;
				CLANG_WARN_BOOL_CONVERSION = YES;
				CLANG_WARN_COMMA = YES;
				CLANG_WARN_CONSTANT_CONVERSION = YES;
				CLANG_WARN_DEPRECATED_OBJC_IMPLEMENTATIONS = YES;
				CLANG_WARN_DIRECT_OBJC_ISA_USAGE = YES_ERROR;
				CLANG_WARN_DOCUMENTATION_COMMENTS = YES;
				CLANG_WARN_EMPTY_BODY = YES;
				CLANG_WARN_ENUM_CONVERSION = YES;
				CLANG_WARN_INFINITE_RECURSION = YES;
				CLANG_WARN_INT_CONVERSION = YES;
				CLANG_WARN_NON_LITERAL_NULL_CONVERSION = YES;
				CLANG_WARN_OBJC_IMPLICIT_RETAIN_SELF = YES;
				CLANG_WARN_OBJC_LITERAL_CONVERSION = YES;
				CLANG_WARN_OBJC_ROOT_CLASS = YES_ERROR;
				CLANG_WARN_QUOTED_INCLUDE_IN_FRAMEWORK_HEADER = YES;
				CLANG_WARN_RANGE_LOOP_ANALYSIS = YES;
				CLANG_WARN_STRICT_PROTOTYPES = YES;
				CLANG_WARN_SUSPICIOUS_MOVE = YES;
				CLANG_WARN_UNGUARDED_AVAILABILITY = YES_AGGRESSIVE;
				CLANG_WARN_UNREACHABLE_CODE = YES;
				CLANG_WARN__DUPLICATE_METHOD_MATCH = YES;
				COPY_PHASE_STRIP = NO;
				DEBUG_INFORMATION_FORMAT = dwarf;
				ENABLE_STRICT_OBJC_MSGSEND = YES;
				ENABLE_TESTABILITY = YES;
				GCC_C_LANGUAGE_STANDARD = gnu11;
				GCC_DYNAMIC_NO_PIC = NO;
				GCC_NO_COMMON_BLOCKS = YES;
				GCC_OPTIMIZATION_LEVEL = 0;
				GCC_PREPROCESSOR_DEFINITIONS = (
					"DEBUG=1",
					"$(inherited)",
				);
				GCC_WARN_64_TO_32_BIT_CONVERSION = YES;
				GCC_WARN_ABOUT_RETURN_TYPE = YES_ERROR;
				GCC_WARN_UNDECLARED_SELECTOR = YES;
				GCC_WARN_UNINITIALIZED_AUTOS = YES_AGGRESSIVE;
				GCC_WARN_UNUSED_FUNCTION = YES;
				GCC_WARN_UNUSED_VARIABLE = YES;
				IPHONEOS_DEPLOYMENT_TARGET = 14.5;
				MTL_ENABLE_DEBUG_INFO = INCLUDE_SOURCE;
				MTL_FAST_MATH = YES;
				ONLY_ACTIVE_ARCH = YES;
				SDKROOT = iphoneos;
				SWIFT_ACTIVE_COMPILATION_CONDITIONS = DEBUG;
				SWIFT_OPTIMIZATION_LEVEL = "-Onone";
			};
			name = Debug;
		};
		1BEEFFE02678F61C0065DD55 /* Release */ = {
			isa = XCBuildConfiguration;
			buildSettings = {
				ALWAYS_SEARCH_USER_PATHS = NO;
				CLANG_ANALYZER_NONNULL = YES;
				CLANG_ANALYZER_NUMBER_OBJECT_CONVERSION = YES_AGGRESSIVE;
				CLANG_CXX_LANGUAGE_STANDARD = "gnu++14";
				CLANG_CXX_LIBRARY = "libc++";
				CLANG_ENABLE_MODULES = YES;
				CLANG_ENABLE_OBJC_ARC = YES;
				CLANG_ENABLE_OBJC_WEAK = YES;
				CLANG_WARN_BLOCK_CAPTURE_AUTORELEASING = YES;
				CLANG_WARN_BOOL_CONVERSION = YES;
				CLANG_WARN_COMMA = YES;
				CLANG_WARN_CONSTANT_CONVERSION = YES;
				CLANG_WARN_DEPRECATED_OBJC_IMPLEMENTATIONS = YES;
				CLANG_WARN_DIRECT_OBJC_ISA_USAGE = YES_ERROR;
				CLANG_WARN_DOCUMENTATION_COMMENTS = YES;
				CLANG_WARN_EMPTY_BODY = YES;
				CLANG_WARN_ENUM_CONVERSION = YES;
				CLANG_WARN_INFINITE_RECURSION = YES;
				CLANG_WARN_INT_CONVERSION = YES;
				CLANG_WARN_NON_LITERAL_NULL_CONVERSION = YES;
				CLANG_WARN_OBJC_IMPLICIT_RETAIN_SELF = YES;
				CLANG_WARN_OBJC_LITERAL_CONVERSION = YES;
				CLANG_WARN_OBJC_ROOT_CLASS = YES_ERROR;
				CLANG_WARN_QUOTED_INCLUDE_IN_FRAMEWORK_HEADER = YES;
				CLANG_WARN_RANGE_LOOP_ANALYSIS = YES;
				CLANG_WARN_STRICT_PROTOTYPES = YES;
				CLANG_WARN_SUSPICIOUS_MOVE = YES;
				CLANG_WARN_UNGUARDED_AVAILABILITY = YES_AGGRESSIVE;
				CLANG_WARN_UNREACHABLE_CODE = YES;
				CLANG_WARN__DUPLICATE_METHOD_MATCH = YES;
				COPY_PHASE_STRIP = NO;
				DEBUG_INFORMATION_FORMAT = "dwarf-with-dsym";
				ENABLE_NS_ASSERTIONS = NO;
				ENABLE_STRICT_OBJC_MSGSEND = YES;
				GCC_C_LANGUAGE_STANDARD = gnu11;
				GCC_NO_COMMON_BLOCKS = YES;
				GCC_WARN_64_TO_32_BIT_CONVERSION = YES;
				GCC_WARN_ABOUT_RETURN_TYPE = YES_ERROR;
				GCC_WARN_UNDECLARED_SELECTOR = YES;
				GCC_WARN_UNINITIALIZED_AUTOS = YES_AGGRESSIVE;
				GCC_WARN_UNUSED_FUNCTION = YES;
				GCC_WARN_UNUSED_VARIABLE = YES;
				IPHONEOS_DEPLOYMENT_TARGET = 14.5;
				MTL_ENABLE_DEBUG_INFO = NO;
				MTL_FAST_MATH = YES;
				SDKROOT = iphoneos;
				SWIFT_COMPILATION_MODE = wholemodule;
				SWIFT_OPTIMIZATION_LEVEL = "-O";
				VALIDATE_PRODUCT = YES;
			};
			name = Release;
		};
		1BEEFFE22678F61C0065DD55 /* Debug */ = {
			isa = XCBuildConfiguration;
			buildSettings = {
				ASSETCATALOG_COMPILER_APPICON_NAME = AppIcon;
				ASSETCATALOG_COMPILER_GLOBAL_ACCENT_COLOR_NAME = AccentColor;
				CODE_SIGN_STYLE = Automatic;
				DEVELOPMENT_TEAM = BJJ7AAJFL5;
				INFOPLIST_FILE = FlightDocsInventory/Info.plist;
				LD_RUNPATH_SEARCH_PATHS = (
					"$(inherited)",
					"@executable_path/Frameworks",
				);
				PRODUCT_BUNDLE_IDENTIFIER = com.Mayuri.FlightDocsInventory;
				PRODUCT_NAME = "$(TARGET_NAME)";
				SWIFT_VERSION = 5.0;
				TARGETED_DEVICE_FAMILY = "1,2";
			};
			name = Debug;
		};
		1BEEFFE32678F61C0065DD55 /* Release */ = {
			isa = XCBuildConfiguration;
			buildSettings = {
				ASSETCATALOG_COMPILER_APPICON_NAME = AppIcon;
				ASSETCATALOG_COMPILER_GLOBAL_ACCENT_COLOR_NAME = AccentColor;
				CODE_SIGN_STYLE = Automatic;
				DEVELOPMENT_TEAM = BJJ7AAJFL5;
				INFOPLIST_FILE = FlightDocsInventory/Info.plist;
				LD_RUNPATH_SEARCH_PATHS = (
					"$(inherited)",
					"@executable_path/Frameworks",
				);
				PRODUCT_BUNDLE_IDENTIFIER = com.Mayuri.FlightDocsInventory;
				PRODUCT_NAME = "$(TARGET_NAME)";
				SWIFT_VERSION = 5.0;
				TARGETED_DEVICE_FAMILY = "1,2";
			};
			name = Release;
		};
		1BEEFFE52678F61C0065DD55 /* Debug */ = {
			isa = XCBuildConfiguration;
			buildSettings = {
				ALWAYS_EMBED_SWIFT_STANDARD_LIBRARIES = YES;
				BUNDLE_LOADER = "$(TEST_HOST)";
				CODE_SIGN_STYLE = Automatic;
				DEVELOPMENT_TEAM = BJJ7AAJFL5;
				INFOPLIST_FILE = FlightDocsInventoryTests/Info.plist;
				IPHONEOS_DEPLOYMENT_TARGET = 14.5;
				LD_RUNPATH_SEARCH_PATHS = (
					"$(inherited)",
					"@executable_path/Frameworks",
					"@loader_path/Frameworks",
				);
				PRODUCT_BUNDLE_IDENTIFIER = com.Mayuri.FlightDocsInventoryTests;
				PRODUCT_NAME = "$(TARGET_NAME)";
				SWIFT_VERSION = 5.0;
				TARGETED_DEVICE_FAMILY = "1,2";
				TEST_HOST = "$(BUILT_PRODUCTS_DIR)/FlightDocsInventory.app/FlightDocsInventory";
			};
			name = Debug;
		};
		1BEEFFE62678F61C0065DD55 /* Release */ = {
			isa = XCBuildConfiguration;
			buildSettings = {
				ALWAYS_EMBED_SWIFT_STANDARD_LIBRARIES = YES;
				BUNDLE_LOADER = "$(TEST_HOST)";
				CODE_SIGN_STYLE = Automatic;
				DEVELOPMENT_TEAM = BJJ7AAJFL5;
				INFOPLIST_FILE = FlightDocsInventoryTests/Info.plist;
				IPHONEOS_DEPLOYMENT_TARGET = 14.5;
				LD_RUNPATH_SEARCH_PATHS = (
					"$(inherited)",
					"@executable_path/Frameworks",
					"@loader_path/Frameworks",
				);
				PRODUCT_BUNDLE_IDENTIFIER = com.Mayuri.FlightDocsInventoryTests;
				PRODUCT_NAME = "$(TARGET_NAME)";
				SWIFT_VERSION = 5.0;
				TARGETED_DEVICE_FAMILY = "1,2";
				TEST_HOST = "$(BUILT_PRODUCTS_DIR)/FlightDocsInventory.app/FlightDocsInventory";
			};
			name = Release;
		};
		1BEEFFE82678F61C0065DD55 /* Debug */ = {
			isa = XCBuildConfiguration;
			buildSettings = {
				ALWAYS_EMBED_SWIFT_STANDARD_LIBRARIES = YES;
				CODE_SIGN_STYLE = Automatic;
				DEVELOPMENT_TEAM = BJJ7AAJFL5;
				INFOPLIST_FILE = FlightDocsInventoryUITests/Info.plist;
				LD_RUNPATH_SEARCH_PATHS = (
					"$(inherited)",
					"@executable_path/Frameworks",
					"@loader_path/Frameworks",
				);
				PRODUCT_BUNDLE_IDENTIFIER = com.Mayuri.FlightDocsInventoryUITests;
				PRODUCT_NAME = "$(TARGET_NAME)";
				SWIFT_VERSION = 5.0;
				TARGETED_DEVICE_FAMILY = "1,2";
				TEST_TARGET_NAME = FlightDocsInventory;
			};
			name = Debug;
		};
		1BEEFFE92678F61C0065DD55 /* Release */ = {
			isa = XCBuildConfiguration;
			buildSettings = {
				ALWAYS_EMBED_SWIFT_STANDARD_LIBRARIES = YES;
				CODE_SIGN_STYLE = Automatic;
				DEVELOPMENT_TEAM = BJJ7AAJFL5;
				INFOPLIST_FILE = FlightDocsInventoryUITests/Info.plist;
				LD_RUNPATH_SEARCH_PATHS = (
					"$(inherited)",
					"@executable_path/Frameworks",
					"@loader_path/Frameworks",
				);
				PRODUCT_BUNDLE_IDENTIFIER = com.Mayuri.FlightDocsInventoryUITests;
				PRODUCT_NAME = "$(TARGET_NAME)";
				SWIFT_VERSION = 5.0;
				TARGETED_DEVICE_FAMILY = "1,2";
				TEST_TARGET_NAME = FlightDocsInventory;
			};
			name = Release;
		};
/* End XCBuildConfiguration section */

/* Begin XCConfigurationList section */
		1BEEFFAF2678F6180065DD55 /* Build configuration list for PBXProject "FlightDocsInventory" */ = {
			isa = XCConfigurationList;
			buildConfigurations = (
				1BEEFFDF2678F61C0065DD55 /* Debug */,
				1BEEFFE02678F61C0065DD55 /* Release */,
			);
			defaultConfigurationIsVisible = 0;
			defaultConfigurationName = Release;
		};
		1BEEFFE12678F61C0065DD55 /* Build configuration list for PBXNativeTarget "FlightDocsInventory" */ = {
			isa = XCConfigurationList;
			buildConfigurations = (
				1BEEFFE22678F61C0065DD55 /* Debug */,
				1BEEFFE32678F61C0065DD55 /* Release */,
			);
			defaultConfigurationIsVisible = 0;
			defaultConfigurationName = Release;
		};
		1BEEFFE42678F61C0065DD55 /* Build configuration list for PBXNativeTarget "FlightDocsInventoryTests" */ = {
			isa = XCConfigurationList;
			buildConfigurations = (
				1BEEFFE52678F61C0065DD55 /* Debug */,
				1BEEFFE62678F61C0065DD55 /* Release */,
			);
			defaultConfigurationIsVisible = 0;
			defaultConfigurationName = Release;
		};
		1BEEFFE72678F61C0065DD55 /* Build configuration list for PBXNativeTarget "FlightDocsInventoryUITests" */ = {
			isa = XCConfigurationList;
			buildConfigurations = (
				1BEEFFE82678F61C0065DD55 /* Debug */,
				1BEEFFE92678F61C0065DD55 /* Release */,
			);
			defaultConfigurationIsVisible = 0;
			defaultConfigurationName = Release;
		};
/* End XCConfigurationList section */

/* Begin XCVersionGroup section */
		1BEEFFC02678F6180065DD55 /* FlightDocsInventory.xcdatamodeld */ = {
			isa = XCVersionGroup;
			children = (
				1BEEFFC12678F6180065DD55 /* FlightDocsInventory.xcdatamodel */,
			);
			currentVersion = 1BEEFFC12678F6180065DD55 /* FlightDocsInventory.xcdatamodel */;
			path = FlightDocsInventory.xcdatamodeld;
			sourceTree = "<group>";
			versionGroupType = wrapper.xcdatamodel;
		};
/* End XCVersionGroup section */
	};
	rootObject = 1BEEFFAC2678F6180065DD55 /* Project object */;
}
